
Microsoft Visual Studio Solution File, Format Version 12.00
# Visual Studio Version 16
VisualStudioVersion = 16.0.31321.278
MinimumVisualStudioVersion = 10.0.40219.1
Project("{FAE04EC0-301F-11D3-BF4B-00C04F79EFBC}") = "CookEasy", "CookEasy\CookEasy.csproj", "{D51E8792-7740-455B-8400-A7FF30FA66D0}"
EndProject
Global
	GlobalSection(SolutionConfigurationPlatforms) = preSolution
		Debug|Any CPU = Debug|Any CPU
		Release|Any CPU = Release|Any CPU
	EndGlobalSection
	GlobalSection(ProjectConfigurationPlatforms) = postSolution
		{D51E8792-7740-455B-8400-A7FF30FA66D0}.Debug|Any CPU.ActiveCfg = Debug|Any CPU
		{D51E8792-7740-455B-8400-A7FF30FA66D0}.Debug|Any CPU.Build.0 = Debug|Any CPU
		{D51E8792-7740-455B-8400-A7FF30FA66D0}.Release|Any CPU.ActiveCfg = Release|Any CPU
		{D51E8792-7740-455B-8400-A7FF30FA66D0}.Release|Any CPU.Build.0 = Release|Any CPU
	EndGlobalSection
	GlobalSection(SolutionProperties) = preSolution
		HideSolutionNode = FALSE
	EndGlobalSection
	GlobalSection(ExtensibilityGlobals) = postSolution
		SolutionGuid = {1570F5B3-6974-426D-A247-A8C61D3A51AA}
	EndGlobalSection
EndGlobal
